PODS:
  - AZPinController (0.2.0):
    - SnapKit
  - SnapKit (4.2.0)

DEPENDENCIES:
  - AZPinController (from `../`)

SPEC REPOS:
  https://github.com/cocoapods/specs.git:
    - SnapKit

EXTERNAL SOURCES:
  AZPinController:
    :path: "../"

SPEC CHECKSUMS:
  AZPinController: 8a87885fe7244f54b0b881d25d0aae979bf27295
  SnapKit: fe8a619752f3f27075cc9a90244d75c6c3f27e2a

PODFILE CHECKSUM: a211346c544c2845b773cafe2e4adc52203a605e

COCOAPODS: 1.5.3
